# Generated by pub
# See http://pub.dartlang.org/doc/glossary.html#lockfile
packages:
  analyzer:
    description: analyzer
    source: hosted
    version: "0.13.6"
  angular:
    description: angular
    source: hosted
    version: "0.12.0"
  args:
    description: args
    source: hosted
    version: "0.10.0+2"
  barback:
    description: barback
    source: hosted
    version: "0.13.0"
  browser:
    description: browser
    source: hosted
    version: "0.10.0+2"
  bson:
    description: bson
    source: hosted
    version: "0.1.18"
  client:
    description:
      path: "../client"
      relative: true
    source: path
    version: "0.0.0"
  code_transformers:
    description: code_transformers
    source: hosted
    version: "0.1.4+1"
  collection:
    description: collection
    source: hosted
    version: "0.9.3+1"
  connection_pool:
    description: connection_pool
    source: hosted
    version: "0.1.0+2"
  crypto:
    description: crypto
    source: hosted
    version: "0.9.0"
  di:
    description: di
    source: hosted
    version: "0.0.40"
  grinder:
    description: grinder
    source: hosted
    version: "0.5.4"
  html5lib:
    description: html5lib
    source: hosted
    version: "0.10.0"
  http:
    description: http
    source: hosted
    version: "0.11.1+1"
  http_parser:
    description: http_parser
    source: hosted
    version: "0.0.2+3"
  intl:
    description: intl
    source: hosted
    version: "0.9.10"
  logging:
    description: logging
    source: hosted
    version: "0.9.1+1"
  mime:
    description: mime
    source: hosted
    version: "0.9.0+3"
  mongo_dart:
    description: mongo_dart
    source: hosted
    version: "0.1.42"
  mongo_dart_query:
    description: mongo_dart_query
    source: hosted
    version: "0.1.12"
  more:
    description: more
    source: hosted
    version: "1.2.1"
  path:
    description: path
    source: hosted
    version: "1.2.1"
  perf_api:
    description: perf_api
    source: hosted
    version: "0.0.8"
  quiver:
    description: quiver
    source: hosted
    version: "0.18.2"
  redstone:
    description: redstone
    source: hosted
    version: "0.5.6"
  redstone_mapper:
    description: redstone_mapper
    source: hosted
    version: "0.1.1"
  redstone_mapper_mongo:
    description: redstone_mapper_mongo
    source: hosted
    version: "0.1.1+1"
  route_hierarchical:
    description: route_hierarchical
    source: hosted
    version: "0.4.21"
  shelf:
    description: shelf
    source: hosted
    version: "0.5.4+1"
  source_maps:
    description: source_maps
    source: hosted
    version: "0.9.1"
  stack_trace:
    description: stack_trace
    source: hosted
    version: "0.9.3+2"
  string_scanner:
    description: string_scanner
    source: hosted
    version: "0.0.2"
  utf:
    description: utf
    source: hosted
    version: "0.9.0"
  web_components:
    description: web_components
    source: hosted
    version: "0.3.4"
